// !$*UTF8*$!
{
	archiveVersion = 1;
	classes = {
	};
	objectVersion = 50;
	objects = {

/* Begin PBXBuildFile section */
		DD0563DB2263CFA800E0457B /* SearchResultCell.swift in Sources */ = {isa = PBXBuildFile; fileRef = DD0563DA2263CFA800E0457B /* SearchResultCell.swift */; };
		DD969941226348E400C26C69 /* AppDelegate.swift in Sources */ = {isa = PBXBuildFile; fileRef = DD969940226348E400C26C69 /* AppDelegate.swift */; };
		DD969946226348E400C26C69 /* Main.storyboard in Resources */ = {isa = PBXBuildFile; fileRef = DD969944226348E400C26C69 /* Main.storyboard */; };
		DD969948226348E500C26C69 /* Assets.xcassets in Resources */ = {isa = PBXBuildFile; fileRef = DD969947226348E500C26C69 /* Assets.xcassets */; };
		DD96994B226348E500C26C69 /* LaunchScreen.storyboard in Resources */ = {isa = PBXBuildFile; fileRef = DD969949226348E500C26C69 /* LaunchScreen.storyboard */; };
		DD96995322634AA800C26C69 /* BaseTabBarController.swift in Sources */ = {isa = PBXBuildFile; fileRef = DD96995222634AA800C26C69 /* BaseTabBarController.swift */; };
		DD9699562263561B00C26C69 /* AppsSearchController.swift in Sources */ = {isa = PBXBuildFile; fileRef = DD9699552263561B00C26C69 /* AppsSearchController.swift */; };
/* End PBXBuildFile section */

/* Begin PBXFileReference section */
		DD0563DA2263CFA800E0457B /* SearchResultCell.swift */ = {isa = PBXFileReference; lastKnownFileType = sourcecode.swift; path = SearchResultCell.swift; sourceTree = "<group>"; };
		DD96993D226348E400C26C69 /* AppStoreClone.app */ = {isa = PBXFileReference; explicitFileType = wrapper.application; includeInIndex = 0; path = AppStoreClone.app; sourceTree = BUILT_PRODUCTS_DIR; };
		DD969940226348E400C26C69 /* AppDelegate.swift */ = {isa = PBXFileReference; lastKnownFileType = sourcecode.swift; path = AppDelegate.swift; sourceTree = "<group>"; };
		DD969945226348E400C26C69 /* Base */ = {isa = PBXFileReference; lastKnownFileType = file.storyboard; name = Base; path = Base.lproj/Main.storyboard; sourceTree = "<group>"; };
		DD969947226348E500C26C69 /* Assets.xcassets */ = {isa = PBXFileReference; lastKnownFileType = folder.assetcatalog; path = Assets.xcassets; sourceTree = "<group>"; };
		DD96994A226348E500C26C69 /* Base */ = {isa = PBXFileReference; lastKnownFileType = file.storyboard; name = Base; path = Base.lproj/LaunchScreen.storyboard; sourceTree = "<group>"; };
		DD96994C226348E500C26C69 /* Info.plist */ = {isa = PBXFileReference; lastKnownFileType = text.plist.xml; path = Info.plist; sourceTree = "<group>"; };
		DD96995222634AA800C26C69 /* BaseTabBarController.swift */ = {isa = PBXFileReference; lastKnownFileType = sourcecode.swift; path = BaseTabBarController.swift; sourceTree = "<group>"; };
		DD9699552263561B00C26C69 /* AppsSearchController.swift */ = {isa = PBXFileReference; lastKnownFileType = sourcecode.swift; path = AppsSearchController.swift; sourceTree = "<group>"; };
/* End PBXFileReference section */

/* Begin PBXFrameworksBuildPhase section */
		DD96993A226348E400C26C69 /* Frameworks */ = {
			isa = PBXFrameworksBuildPhase;
			buildActionMask = 2147483647;
			files = (
			);
			runOnlyForDeploymentPostprocessing = 0;
		};
/* End PBXFrameworksBuildPhase section */

/* Begin PBXGroup section */
		DD0563D92263CF8000E0457B /* Views */ = {
			isa = PBXGroup;
			children = (
				DD0563DA2263CFA800E0457B /* SearchResultCell.swift */,
			);
			path = Views;
			sourceTree = "<group>";
		};
		DD969934226348E400C26C69 = {
			isa = PBXGroup;
			children = (
				DD96993F226348E400C26C69 /* AppStoreClone */,
				DD96993E226348E400C26C69 /* Products */,
			);
			sourceTree = "<group>";
		};
		DD96993E226348E400C26C69 /* Products */ = {
			isa = PBXGroup;
			children = (
				DD96993D226348E400C26C69 /* AppStoreClone.app */,
			);
			name = Products;
			sourceTree = "<group>";
		};
		DD96993F226348E400C26C69 /* AppStoreClone */ = {
			isa = PBXGroup;
			children = (
				DD0563D92263CF8000E0457B /* Views */,
				DD969954226355DF00C26C69 /* Controller */,
				DD969940226348E400C26C69 /* AppDelegate.swift */,
				DD969944226348E400C26C69 /* Main.storyboard */,
				DD969947226348E500C26C69 /* Assets.xcassets */,
				DD969949226348E500C26C69 /* LaunchScreen.storyboard */,
				DD96994C226348E500C26C69 /* Info.plist */,
			);
			path = AppStoreClone;
			sourceTree = "<group>";
		};
		DD969954226355DF00C26C69 /* Controller */ = {
			isa = PBXGroup;
			children = (
				DD96995222634AA800C26C69 /* BaseTabBarController.swift */,
				DD9699552263561B00C26C69 /* AppsSearchController.swift */,
			);
			path = Controller;
			sourceTree = "<group>";
		};
/* End PBXGroup section */

/* Begin PBXNativeTarget section */
		DD96993C226348E400C26C69 /* AppStoreClone */ = {
			isa = PBXNativeTarget;
			buildConfigurationList = DD96994F226348E500C26C69 /* Build configuration list for PBXNativeTarget "AppStoreClone" */;
			buildPhases = (
				DD969939226348E400C26C69 /* Sources */,
				DD96993A226348E400C26C69 /* Frameworks */,
				DD96993B226348E400C26C69 /* Resources */,
			);
			buildRules = (
			);
			dependencies = (
			);
			name = AppStoreClone;
			productName = AppStoreClone;
			productReference = DD96993D226348E400C26C69 /* AppStoreClone.app */;
			productType = "com.apple.product-type.application";
		};
/* End PBXNativeTarget section */

/* Begin PBXProject section */
		DD969935226348E400C26C69 /* Project object */ = {
			isa = PBXProject;
			attributes = {
				LastSwiftUpdateCheck = 1020;
				LastUpgradeCheck = 1020;
				ORGANIZATIONNAME = "Igor Tkach";
				TargetAttributes = {
					DD96993C226348E400C26C69 = {
						CreatedOnToolsVersion = 10.2;
					};
				};
			};
			buildConfigurationList = DD969938226348E400C26C69 /* Build configuration list for PBXProject "AppStoreClone" */;
			compatibilityVersion = "Xcode 9.3";
			developmentRegion = en;
			hasScannedForEncodings = 0;
			knownRegions = (
				en,
				Base,
			);
			mainGroup = DD969934226348E400C26C69;
			productRefGroup = DD96993E226348E400C26C69 /* Products */;
			projectDirPath = "";
			projectRoot = "";
			targets = (
				DD96993C226348E400C26C69 /* AppStoreClone */,
			);
		};
/* End PBXProject section */

/* Begin PBXResourcesBuildPhase section */
		DD96993B226348E400C26C69 /* Resources */ = {
			isa = PBXResourcesBuildPhase;
			buildActionMask = 2147483647;
			files = (
				DD96994B226348E500C26C69 /* LaunchScreen.storyboard in Resources */,
				DD969948226348E500C26C69 /* Assets.xcassets in Resources */,
				DD969946226348E400C26C69 /* Main.storyboard in Resources */,
			);
			runOnlyForDeploymentPostprocessing = 0;
		};
/* End PBXResourcesBuildPhase section */

/* Begin PBXSourcesBuildPhase section */
		DD969939226348E400C26C69 /* Sources */ = {
			isa = PBXSourcesBuildPhase;
			buildActionMask = 2147483647;
			files = (
				DD969941226348E400C26C69 /* AppDelegate.swift in Sources */,
				DD96995322634AA800C26C69 /* BaseTabBarController.swift in Sources */,
				DD0563DB2263CFA800E0457B /* SearchResultCell.swift in Sources */,
				DD9699562263561B00C26C69 /* AppsSearchController.swift in Sources */,
			);
			runOnlyForDeploymentPostprocessing = 0;
		};
/* End PBXSourcesBuildPhase section */

/* Begin PBXVariantGroup section */
		DD969944226348E400C26C69 /* Main.storyboard */ = {
			isa = PBXVariantGroup;
			children = (
				DD969945226348E400C26C69 /* Base */,
			);
			name = Main.storyboard;
			sourceTree = "<group>";
		};
		DD969949226348E500C26C69 /* LaunchScreen.storyboard */ = {
			isa = PBXVariantGroup;
			children = (
				DD96994A226348E500C26C69 /* Base */,
			);
			name = LaunchScreen.storyboard;
			sourceTree = "<group>";
		};
/* End PBXVariantGroup section */

/* Begin XCBuildConfiguration section */
		DD96994D226348E500C26C69 /* Debug */ = {
			isa = XCBuildConfiguration;
			buildSettings = {
				ALWAYS_SEARCH_USER_PATHS = NO;
				CLANG_ANALYZER_NONNULL = YES;
				CLANG_ANALYZER_NUMBER_OBJECT_CONVERSION = YES_AGGRESSIVE;
				CLANG_CXX_LANGUAGE_STANDARD = "gnu++14";
				CLANG_CXX_LIBRARY = "libc++";
				CLANG_ENABLE_MODULES = YES;
				CLANG_ENABLE_OBJC_ARC = YES;
				CLANG_ENABLE_OBJC_WEAK = YES;
				CLANG_WARN_BLOCK_CAPTURE_AUTORELEASING = YES;
				CLANG_WARN_BOOL_CONVERSION = YES;
				CLANG_WARN_COMMA = YES;
				CLANG_WARN_CONSTANT_CONVERSION = YES;
				CLANG_WARN_DEPRECATED_OBJC_IMPLEMENTATIONS = YES;
				CLANG_WARN_DIRECT_OBJC_ISA_USAGE = YES_ERROR;
				CLANG_WARN_DOCUMENTATION_COMMENTS = YES;
				CLANG_WARN_EMPTY_BODY = YES;
				CLANG_WARN_ENUM_CONVERSION = YES;
				CLANG_WARN_INFINITE_RECURSION = YES;
				CLANG_WARN_INT_CONVERSION = YES;
				CLANG_WARN_NON_LITERAL_NULL_CONVERSION = YES;
				CLANG_WARN_OBJC_IMPLICIT_RETAIN_SELF = YES;
				CLANG_WARN_OBJC_LITERAL_CONVERSION = YES;
				CLANG_WARN_OBJC_ROOT_CLASS = YES_ERROR;
				CLANG_WARN_RANGE_LOOP_ANALYSIS = YES;
				CLANG_WARN_STRICT_PROTOTYPES = YES;
				CLANG_WARN_SUSPICIOUS_MOVE = YES;
				CLANG_WARN_UNGUARDED_AVAILABILITY = YES_AGGRESSIVE;
				CLANG_WARN_UNREACHABLE_CODE = YES;
				CLANG_WARN__DUPLICATE_METHOD_MATCH = YES;
				CODE_SIGN_IDENTITY = "iPhone Developer";
				COPY_PHASE_STRIP = NO;
				DEBUG_INFORMATION_FORMAT = dwarf;
				ENABLE_STRICT_OBJC_MSGSEND = YES;
				ENABLE_TESTABILITY = YES;
				GCC_C_LANGUAGE_STANDARD = gnu11;
				GCC_DYNAMIC_NO_PIC = NO;
				GCC_NO_COMMON_BLOCKS = YES;
				GCC_OPTIMIZATION_LEVEL = 0;
				GCC_PREPROCESSOR_DEFINITIONS = (
					"DEBUG=1",
					"$(inherited)",
				);
				GCC_WARN_64_TO_32_BIT_CONVERSION = YES;
				GCC_WARN_ABOUT_RETURN_TYPE = YES_ERROR;
				GCC_WARN_UNDECLARED_SELECTOR = YES;
				GCC_WARN_UNINITIALIZED_AUTOS = YES_AGGRESSIVE;
				GCC_WARN_UNUSED_FUNCTION = YES;
				GCC_WARN_UNUSED_VARIABLE = YES;
				IPHONEOS_DEPLOYMENT_TARGET = 12.2;
				MTL_ENABLE_DEBUG_INFO = INCLUDE_SOURCE;
				MTL_FAST_MATH = YES;
				ONLY_ACTIVE_ARCH = YES;
				SDKROOT = iphoneos;
				SWIFT_ACTIVE_COMPILATION_CONDITIONS = DEBUG;
				SWIFT_OPTIMIZATION_LEVEL = "-Onone";
			};
			name = Debug;
		};
		DD96994E226348E500C26C69 /* Release */ = {
			isa = XCBuildConfiguration;
			buildSettings = {
				ALWAYS_SEARCH_USER_PATHS = NO;
				CLANG_ANALYZER_NONNULL = YES;
				CLANG_ANALYZER_NUMBER_OBJECT_CONVERSION = YES_AGGRESSIVE;
				CLANG_CXX_LANGUAGE_STANDARD = "gnu++14";
				CLANG_CXX_LIBRARY = "libc++";
				CLANG_ENABLE_MODULES = YES;
				CLANG_ENABLE_OBJC_ARC = YES;
				CLANG_ENABLE_OBJC_WEAK = YES;
				CLANG_WARN_BLOCK_CAPTURE_AUTORELEASING = YES;
				CLANG_WARN_BOOL_CONVERSION = YES;
				CLANG_WARN_COMMA = YES;
				CLANG_WARN_CONSTANT_CONVERSION = YES;
				CLANG_WARN_DEPRECATED_OBJC_IMPLEMENTATIONS = YES;
				CLANG_WARN_DIRECT_OBJC_ISA_USAGE = YES_ERROR;
				CLANG_WARN_DOCUMENTATION_COMMENTS = YES;
				CLANG_WARN_EMPTY_BODY = YES;
				CLANG_WARN_ENUM_CONVERSION = YES;
				CLANG_WARN_INFINITE_RECURSION = YES;
				CLANG_WARN_INT_CONVERSION = YES;
				CLANG_WARN_NON_LITERAL_NULL_CONVERSION = YES;
				CLANG_WARN_OBJC_IMPLICIT_RETAIN_SELF = YES;
				CLANG_WARN_OBJC_LITERAL_CONVERSION = YES;
				CLANG_WARN_OBJC_ROOT_CLASS = YES_ERROR;
				CLANG_WARN_RANGE_LOOP_ANALYSIS = YES;
				CLANG_WARN_STRICT_PROTOTYPES = YES;
				CLANG_WARN_SUSPICIOUS_MOVE = YES;
				CLANG_WARN_UNGUARDED_AVAILABILITY = YES_AGGRESSIVE;
				CLANG_WARN_UNREACHABLE_CODE = YES;
				CLANG_WARN__DUPLICATE_METHOD_MATCH = YES;
				CODE_SIGN_IDENTITY = "iPhone Developer";
				COPY_PHASE_STRIP = NO;
				DEBUG_INFORMATION_FORMAT = "dwarf-with-dsym";
				ENABLE_NS_ASSERTIONS = NO;
				ENABLE_STRICT_OBJC_MSGSEND = YES;
				GCC_C_LANGUAGE_STANDARD = gnu11;
				GCC_NO_COMMON_BLOCKS = YES;
				GCC_WARN_64_TO_32_BIT_CONVERSION = YES;
				GCC_WARN_ABOUT_RETURN_TYPE = YES_ERROR;
				GCC_WARN_UNDECLARED_SELECTOR = YES;
				GCC_WARN_UNINITIALIZED_AUTOS = YES_AGGRESSIVE;
				GCC_WARN_UNUSED_FUNCTION = YES;
				GCC_WARN_UNUSED_VARIABLE = YES;
				IPHONEOS_DEPLOYMENT_TARGET = 12.2;
				MTL_ENABLE_DEBUG_INFO = NO;
				MTL_FAST_MATH = YES;
				SDKROOT = iphoneos;
				SWIFT_COMPILATION_MODE = wholemodule;
				SWIFT_OPTIMIZATION_LEVEL = "-O";
				VALIDATE_PRODUCT = YES;
			};
			name = Release;
		};
		DD969950226348E500C26C69 /* Debug */ = {
			isa = XCBuildConfiguration;
			buildSettings = {
				ASSETCATALOG_COMPILER_APPICON_NAME = AppIcon;
				CODE_SIGN_STYLE = Automatic;
				DEVELOPMENT_TEAM = 6D6XU3X587;
				INFOPLIST_FILE = AppStoreClone/Info.plist;
				LD_RUNPATH_SEARCH_PATHS = (
					"$(inherited)",
					"@executable_path/Frameworks",
				);
				PRODUCT_BUNDLE_IDENTIFIER = tkach.igor.AppStoreClone;
				PRODUCT_NAME = "$(TARGET_NAME)";
				SWIFT_VERSION = 5.0;
				TARGETED_DEVICE_FAMILY = "1,2";
			};
			name = Debug;
		};
		DD969951226348E500C26C69 /* Release */ = {
			isa = XCBuildConfiguration;
			buildSettings = {
				ASSETCATALOG_COMPILER_APPICON_NAME = AppIcon;
				CODE_SIGN_STYLE = Automatic;
				DEVELOPMENT_TEAM = 6D6XU3X587;
				INFOPLIST_FILE = AppStoreClone/Info.plist;
				LD_RUNPATH_SEARCH_PATHS = (
					"$(inherited)",
					"@executable_path/Frameworks",
				);
				PRODUCT_BUNDLE_IDENTIFIER = tkach.igor.AppStoreClone;
				PRODUCT_NAME = "$(TARGET_NAME)";
				SWIFT_VERSION = 5.0;
				TARGETED_DEVICE_FAMILY = "1,2";
			};
			name = Release;
		};
/* End XCBuildConfiguration section */

/* Begin XCConfigurationList section */
		DD969938226348E400C26C69 /* Build configuration list for PBXProject "AppStoreClone" */ = {
			isa = XCConfigurationList;
			buildConfigurations = (
				DD96994D226348E500C26C69 /* Debug */,
				DD96994E226348E500C26C69 /* Release */,
			);
			defaultConfigurationIsVisible = 0;
			defaultConfigurationName = Release;
		};
		DD96994F226348E500C26C69 /* Build configuration list for PBXNativeTarget "AppStoreClone" */ = {
			isa = XCConfigurationList;
			buildConfigurations = (
				DD969950226348E500C26C69 /* Debug */,
				DD969951226348E500C26C69 /* Release */,
			);
			defaultConfigurationIsVisible = 0;
			defaultConfigurationName = Release;
		};
/* End XCConfigurationList section */
	};
	rootObject = DD969935226348E400C26C69 /* Project object */;
}
